{
  "name": "producer",
  "version": "1.0.0",
  "lockfileVersion": 3,
  "requires": true,
  "packages": {
    "": {
      "name": "producer",
      "version": "1.0.0",
      "license": "ISC",
      "dependencies": {
        "amqplib": "0.10.7"
      },
      "devDependencies": {
        "@types/amqplib": "0.10.7",
        "@types/node": "^24.2.1"
      }
    },
    "node_modules/@types/amqplib": {
      "version": "0.10.7",
      "resolved": "https://registry.npmjs.org/@types/amqplib/-/amqplib-0.10.7.tgz",
      "integrity": "sha512-IVj3avf9AQd2nXCx0PGk/OYq7VmHiyNxWFSb5HhU9ATh+i+gHWvVcljFTcTWQ/dyHJCTrzCixde+r/asL2ErDA==",
      "dev": true,
      "license": "MIT",
      "dependencies": {
        "@types/node": "*"
      }
    },
    "node_modules/@types/node": {
      "version": "24.2.1",
      "resolved": "https://registry.npmjs.org/@types/node/-/node-24.2.1.tgz",
      "integrity": "sha512-DRh5K+ka5eJic8CjH7td8QpYEV6Zo10gfRkjHCO3weqZHWDtAaSTFtl4+VMqOJ4N5jcuhZ9/l+yy8rVgw7BQeQ==",
      "dev": true,
      "license": "MIT",
      "dependencies": {
        "undici-types": "~7.10.0"
      }
    },
    "node_modules/amqplib": {
      "version": "0.10.7",
      "resolved": "https://registry.npmjs.org/amqplib/-/amqplib-0.10.7.tgz",
      "integrity": "sha512-7xPSYKSX2kj/bT6iHZ3MlctzxdCW1Ds9xyN0EmuRi2DZxHztwwoG1YkZrgmLyuPNjfxlRiMdWJPQscmoa3Vgdg==",
      "license": "MIT",
      "dependencies": {
        "buffer-more-ints": "~1.0.0",
        "url-parse": "~1.5.10"
      },
      "engines": {
        "node": ">=10"
      }
    },
    "node_modules/buffer-more-ints": {
      "version": "1.0.0",
      "resolved": "https://registry.npmjs.org/buffer-more-ints/-/buffer-more-ints-1.0.0.tgz",
      "integrity": "sha512-EMetuGFz5SLsT0QTnXzINh4Ksr+oo4i+UGTXEshiGCQWnsgSs7ZhJ8fzlwQ+OzEMs0MpDAMr1hxnblp5a4vcHg==",
      "license": "MIT"
    },
    "node_modules/querystringify": {
      "version": "2.2.0",
      "resolved": "https://registry.npmjs.org/querystringify/-/querystringify-2.2.0.tgz",
      "integrity": "sha512-FIqgj2EUvTa7R50u0rGsyTftzjYmv/a3hO345bZNrqabNqjtgiDMgmo4mkUjd+nzU5oF3dClKqFIPUKybUyqoQ==",
      "license": "MIT"
    },
    "node_modules/requires-port": {
      "version": "1.0.0",
      "resolved": "https://registry.npmjs.org/requires-port/-/requires-port-1.0.0.tgz",
      "integrity": "sha512-KigOCHcocU3XODJxsu8i/j8T9tzT4adHiecwORRQ0ZZFcp7ahwXuRU1m+yuO90C5ZUyGeGfocHDI14M3L3yDAQ==",
      "license": "MIT"
    },
    "node_modules/undici-types": {
      "version": "7.10.0",
      "resolved": "https://registry.npmjs.org/undici-types/-/undici-types-7.10.0.tgz",
      "integrity": "sha512-t5Fy/nfn+14LuOc2KNYg75vZqClpAiqscVvMygNnlsHBFpSXdJaYtXMcdNLpl/Qvc3P2cB3s6lOV51nqsFq4ag==",
      "dev": true,
      "license": "MIT"
    },
    "node_modules/url-parse": {
      "version": "1.5.10",
      "resolved": "https://registry.npmjs.org/url-parse/-/url-parse-1.5.10.tgz",
      "integrity": "sha512-WypcfiRhfeUP9vvF0j6rw0J3hrWrw6iZv3+22h6iRMJ/8z1Tj6XfLP4DsUix5MhMPnXpiHDoKyoZ/bdCkwBCiQ==",
      "license": "MIT",
      "dependencies": {
        "querystringify": "^2.1.1",
        "requires-port": "^1.0.0"
      }
    }
  }
}
